
Microsoft Visual Studio Solution File, Format Version 12.00
# Visual Studio Version 16
VisualStudioVersion = 16.0.29806.167
MinimumVisualStudioVersion = 10.0.40219.1
Project("{FAE04EC0-301F-11D3-BF4B-00C04F79EFBC}") = "Sistema_Loteria", "Sistema_Loteria.csproj", "{BBB6ED09-1B98-4D9D-8AA6-06C60147C674}"
EndProject
Project("{FAE04EC0-301F-11D3-BF4B-00C04F79EFBC}") = "SLoteriaLibrary", "..\SLoteriaLibrary\SLoteriaLibrary.csproj", "{FA22B3DA-17E2-43FF-8149-DDB17ED64AAC}"
EndProject
Project("{FAE04EC0-301F-11D3-BF4B-00C04F79EFBC}") = "DataManagementLibrary", "..\DataManagementLibrary\DataManagementLibrary.csproj", "{7F20DDFF-AE69-480D-852A-FB233F863CA6}"
EndProject
Global
	GlobalSection(SolutionConfigurationPlatforms) = preSolution
		Debug|Any CPU = Debug|Any CPU
		Release|Any CPU = Release|Any CPU
	EndGlobalSection
	GlobalSection(ProjectConfigurationPlatforms) = postSolution
		{BBB6ED09-1B98-4D9D-8AA6-06C60147C674}.Debug|Any CPU.ActiveCfg = Debug|Any CPU
		{BBB6ED09-1B98-4D9D-8AA6-06C60147C674}.Debug|Any CPU.Build.0 = Debug|Any CPU
		{BBB6ED09-1B98-4D9D-8AA6-06C60147C674}.Release|Any CPU.ActiveCfg = Release|Any CPU
		{BBB6ED09-1B98-4D9D-8AA6-06C60147C674}.Release|Any CPU.Build.0 = Release|Any CPU
		{FA22B3DA-17E2-43FF-8149-DDB17ED64AAC}.Debug|Any CPU.ActiveCfg = Debug|Any CPU
		{FA22B3DA-17E2-43FF-8149-DDB17ED64AAC}.Debug|Any CPU.Build.0 = Debug|Any CPU
		{FA22B3DA-17E2-43FF-8149-DDB17ED64AAC}.Release|Any CPU.ActiveCfg = Release|Any CPU
		{FA22B3DA-17E2-43FF-8149-DDB17ED64AAC}.Release|Any CPU.Build.0 = Release|Any CPU
		{7F20DDFF-AE69-480D-852A-FB233F863CA6}.Debug|Any CPU.ActiveCfg = Debug|Any CPU
		{7F20DDFF-AE69-480D-852A-FB233F863CA6}.Debug|Any CPU.Build.0 = Debug|Any CPU
		{7F20DDFF-AE69-480D-852A-FB233F863CA6}.Release|Any CPU.ActiveCfg = Release|Any CPU
		{7F20DDFF-AE69-480D-852A-FB233F863CA6}.Release|Any CPU.Build.0 = Release|Any CPU
	EndGlobalSection
	GlobalSection(SolutionProperties) = preSolution
		HideSolutionNode = FALSE
	EndGlobalSection
	GlobalSection(ExtensibilityGlobals) = postSolution
		SolutionGuid = {4F9813EE-2DB1-4860-8219-26AE212A146A}
	EndGlobalSection
EndGlobal
